
Microsoft Visual Studio Solution File, Format Version 12.00
# Visual Studio 2012
Project("{FAE04EC0-301F-11D3-BF4B-00C04F79EFBC}") = "StatusBar.iOS", "StatusBar.iOS\StatusBar.iOS.csproj", "{DA9B1A2D-0A55-4359-87D1-AEB79EAEE7DC}"
EndProject
Project("{FAE04EC0-301F-11D3-BF4B-00C04F79EFBC}") = "StatusBar.Core", "StatusBar.Core\StatusBar.Core.csproj", "{2AF344F9-594A-4667-B003-9FE570E744B0}"
EndProject
Global
	GlobalSection(SolutionConfigurationPlatforms) = preSolution
		Ad-Hoc|Any CPU = Ad-Hoc|Any CPU
		Ad-Hoc|iPhone = Ad-Hoc|iPhone
		Ad-Hoc|iPhoneSimulator = Ad-Hoc|iPhoneSimulator
		Ad-Hoc|Mixed Platforms = Ad-Hoc|Mixed Platforms
		AppStore|Any CPU = AppStore|Any CPU
		AppStore|iPhone = AppStore|iPhone
		AppStore|iPhoneSimulator = AppStore|iPhoneSimulator
		AppStore|Mixed Platforms = AppStore|Mixed Platforms
		Debug|Any CPU = Debug|Any CPU
		Debug|iPhone = Debug|iPhone
		Debug|iPhoneSimulator = Debug|iPhoneSimulator
		Debug|Mixed Platforms = Debug|Mixed Platforms
		Release|Any CPU = Release|Any CPU
		Release|iPhone = Release|iPhone
		Release|iPhoneSimulator = Release|iPhoneSimulator
		Release|Mixed Platforms = Release|Mixed Platforms
	EndGlobalSection
	GlobalSection(ProjectConfigurationPlatforms) = postSolution
		{DA9B1A2D-0A55-4359-87D1-AEB79EAEE7DC}.Ad-Hoc|Any CPU.ActiveCfg = Ad-Hoc|iPhone
		{DA9B1A2D-0A55-4359-87D1-AEB79EAEE7DC}.Ad-Hoc|iPhone.ActiveCfg = Ad-Hoc|iPhone
		{DA9B1A2D-0A55-4359-87D1-AEB79EAEE7DC}.Ad-Hoc|iPhone.Build.0 = Ad-Hoc|iPhone
		{DA9B1A2D-0A55-4359-87D1-AEB79EAEE7DC}.Ad-Hoc|iPhone.Deploy.0 = Ad-Hoc|iPhone
		{DA9B1A2D-0A55-4359-87D1-AEB79EAEE7DC}.Ad-Hoc|iPhoneSimulator.ActiveCfg = Ad-Hoc|iPhoneSimulator
		{DA9B1A2D-0A55-4359-87D1-AEB79EAEE7DC}.Ad-Hoc|iPhoneSimulator.Build.0 = Ad-Hoc|iPhoneSimulator
		{DA9B1A2D-0A55-4359-87D1-AEB79EAEE7DC}.Ad-Hoc|iPhoneSimulator.Deploy.0 = Ad-Hoc|iPhoneSimulator
		{DA9B1A2D-0A55-4359-87D1-AEB79EAEE7DC}.Ad-Hoc|Mixed Platforms.ActiveCfg = Ad-Hoc|iPhone
		{DA9B1A2D-0A55-4359-87D1-AEB79EAEE7DC}.Ad-Hoc|Mixed Platforms.Build.0 = Ad-Hoc|iPhone
		{DA9B1A2D-0A55-4359-87D1-AEB79EAEE7DC}.Ad-Hoc|Mixed Platforms.Deploy.0 = Ad-Hoc|iPhone
		{DA9B1A2D-0A55-4359-87D1-AEB79EAEE7DC}.AppStore|Any CPU.ActiveCfg = AppStore|iPhone
		{DA9B1A2D-0A55-4359-87D1-AEB79EAEE7DC}.AppStore|iPhone.ActiveCfg = AppStore|iPhone
		{DA9B1A2D-0A55-4359-87D1-AEB79EAEE7DC}.AppStore|iPhone.Build.0 = AppStore|iPhone
		{DA9B1A2D-0A55-4359-87D1-AEB79EAEE7DC}.AppStore|iPhone.Deploy.0 = AppStore|iPhone
		{DA9B1A2D-0A55-4359-87D1-AEB79EAEE7DC}.AppStore|iPhoneSimulator.ActiveCfg = AppStore|iPhoneSimulator
		{DA9B1A2D-0A55-4359-87D1-AEB79EAEE7DC}.AppStore|iPhoneSimulator.Build.0 = AppStore|iPhoneSimulator
		{DA9B1A2D-0A55-4359-87D1-AEB79EAEE7DC}.AppStore|iPhoneSimulator.Deploy.0 = AppStore|iPhoneSimulator
		{DA9B1A2D-0A55-4359-87D1-AEB79EAEE7DC}.AppStore|Mixed Platforms.ActiveCfg = AppStore|iPhone
		{DA9B1A2D-0A55-4359-87D1-AEB79EAEE7DC}.AppStore|Mixed Platforms.Build.0 = AppStore|iPhone
		{DA9B1A2D-0A55-4359-87D1-AEB79EAEE7DC}.AppStore|Mixed Platforms.Deploy.0 = AppStore|iPhone
		{DA9B1A2D-0A55-4359-87D1-AEB79EAEE7DC}.Debug|Any CPU.ActiveCfg = Debug|iPhone
		{DA9B1A2D-0A55-4359-87D1-AEB79EAEE7DC}.Debug|iPhone.ActiveCfg = Debug|iPhone
		{DA9B1A2D-0A55-4359-87D1-AEB79EAEE7DC}.Debug|iPhone.Build.0 = Debug|iPhone
		{DA9B1A2D-0A55-4359-87D1-AEB79EAEE7DC}.Debug|iPhone.Deploy.0 = Debug|iPhone
		{DA9B1A2D-0A55-4359-87D1-AEB79EAEE7DC}.Debug|iPhoneSimulator.ActiveCfg = Debug|iPhoneSimulator
		{DA9B1A2D-0A55-4359-87D1-AEB79EAEE7DC}.Debug|iPhoneSimulator.Build.0 = Debug|iPhoneSimulator
		{DA9B1A2D-0A55-4359-87D1-AEB79EAEE7DC}.Debug|iPhoneSimulator.Deploy.0 = Debug|iPhoneSimulator
		{DA9B1A2D-0A55-4359-87D1-AEB79EAEE7DC}.Debug|Mixed Platforms.ActiveCfg = Debug|iPhone
		{DA9B1A2D-0A55-4359-87D1-AEB79EAEE7DC}.Debug|Mixed Platforms.Build.0 = Debug|iPhone
		{DA9B1A2D-0A55-4359-87D1-AEB79EAEE7DC}.Debug|Mixed Platforms.Deploy.0 = Debug|iPhone
		{DA9B1A2D-0A55-4359-87D1-AEB79EAEE7DC}.Release|Any CPU.ActiveCfg = Release|iPhone
		{DA9B1A2D-0A55-4359-87D1-AEB79EAEE7DC}.Release|iPhone.ActiveCfg = Release|iPhone
		{DA9B1A2D-0A55-4359-87D1-AEB79EAEE7DC}.Release|iPhone.Build.0 = Release|iPhone
		{DA9B1A2D-0A55-4359-87D1-AEB79EAEE7DC}.Release|iPhone.Deploy.0 = Release|iPhone
		{DA9B1A2D-0A55-4359-87D1-AEB79EAEE7DC}.Release|iPhoneSimulator.ActiveCfg = Release|iPhoneSimulator
		{DA9B1A2D-0A55-4359-87D1-AEB79EAEE7DC}.Release|iPhoneSimulator.Build.0 = Release|iPhoneSimulator
		{DA9B1A2D-0A55-4359-87D1-AEB79EAEE7DC}.Release|iPhoneSimulator.Deploy.0 = Release|iPhoneSimulator
		{DA9B1A2D-0A55-4359-87D1-AEB79EAEE7DC}.Release|Mixed Platforms.ActiveCfg = Release|iPhone
		{DA9B1A2D-0A55-4359-87D1-AEB79EAEE7DC}.Release|Mixed Platforms.Build.0 = Release|iPhone
		{DA9B1A2D-0A55-4359-87D1-AEB79EAEE7DC}.Release|Mixed Platforms.Deploy.0 = Release|iPhone
		{2AF344F9-594A-4667-B003-9FE570E744B0}.Ad-Hoc|Any CPU.ActiveCfg = Release|Any CPU
		{2AF344F9-594A-4667-B003-9FE570E744B0}.Ad-Hoc|Any CPU.Build.0 = Release|Any CPU
		{2AF344F9-594A-4667-B003-9FE570E744B0}.Ad-Hoc|iPhone.ActiveCfg = Release|Any CPU
		{2AF344F9-594A-4667-B003-9FE570E744B0}.Ad-Hoc|iPhoneSimulator.ActiveCfg = Release|Any CPU
		{2AF344F9-594A-4667-B003-9FE570E744B0}.Ad-Hoc|Mixed Platforms.ActiveCfg = Release|Any CPU
		{2AF344F9-594A-4667-B003-9FE570E744B0}.Ad-Hoc|Mixed Platforms.Build.0 = Release|Any CPU
		{2AF344F9-594A-4667-B003-9FE570E744B0}.AppStore|Any CPU.ActiveCfg = Release|Any CPU
		{2AF344F9-594A-4667-B003-9FE570E744B0}.AppStore|Any CPU.Build.0 = Release|Any CPU
		{2AF344F9-594A-4667-B003-9FE570E744B0}.AppStore|iPhone.ActiveCfg = Release|Any CPU
		{2AF344F9-594A-4667-B003-9FE570E744B0}.AppStore|iPhoneSimulator.ActiveCfg = Release|Any CPU
		{2AF344F9-594A-4667-B003-9FE570E744B0}.AppStore|Mixed Platforms.ActiveCfg = Release|Any CPU
		{2AF344F9-594A-4667-B003-9FE570E744B0}.AppStore|Mixed Platforms.Build.0 = Release|Any CPU
		{2AF344F9-594A-4667-B003-9FE570E744B0}.Debug|Any CPU.ActiveCfg = Debug|Any CPU
		{2AF344F9-594A-4667-B003-9FE570E744B0}.Debug|Any CPU.Build.0 = Debug|Any CPU
		{2AF344F9-594A-4667-B003-9FE570E744B0}.Debug|iPhone.ActiveCfg = Debug|Any CPU
		{2AF344F9-594A-4667-B003-9FE570E744B0}.Debug|iPhoneSimulator.ActiveCfg = Debug|Any CPU
		{2AF344F9-594A-4667-B003-9FE570E744B0}.Debug|iPhoneSimulator.Build.0 = Debug|Any CPU
		{2AF344F9-594A-4667-B003-9FE570E744B0}.Debug|Mixed Platforms.ActiveCfg = Debug|Any CPU
		{2AF344F9-594A-4667-B003-9FE570E744B0}.Debug|Mixed Platforms.Build.0 = Debug|Any CPU
		{2AF344F9-594A-4667-B003-9FE570E744B0}.Release|Any CPU.ActiveCfg = Release|Any CPU
		{2AF344F9-594A-4667-B003-9FE570E744B0}.Release|Any CPU.Build.0 = Release|Any CPU
		{2AF344F9-594A-4667-B003-9FE570E744B0}.Release|iPhone.ActiveCfg = Release|Any CPU
		{2AF344F9-594A-4667-B003-9FE570E744B0}.Release|iPhoneSimulator.ActiveCfg = Release|Any CPU
		{2AF344F9-594A-4667-B003-9FE570E744B0}.Release|iPhoneSimulator.Build.0 = Release|Any CPU
		{2AF344F9-594A-4667-B003-9FE570E744B0}.Release|Mixed Platforms.ActiveCfg = Release|Any CPU
		{2AF344F9-594A-4667-B003-9FE570E744B0}.Release|Mixed Platforms.Build.0 = Release|Any CPU
	EndGlobalSection
	GlobalSection(SolutionProperties) = preSolution
		HideSolutionNode = FALSE
	EndGlobalSection
EndGlobal
